
Microsoft Visual Studio Solution File, Format Version 12.00
# Visual Studio Version 16
VisualStudioVersion = 16.0.31129.286
MinimumVisualStudioVersion = 10.0.40219.1
Project("{FAE04EC0-301F-11D3-BF4B-00C04F79EFBC}") = "ManualMemoryLocation", "ManualMemoryLocation\ManualMemoryLocation.csproj", "{93C50CCB-D02E-461C-B6CB-75D6CA09D778}"
EndProject
Global
	GlobalSection(SolutionConfigurationPlatforms) = preSolution
		Debug|Any CPU = Debug|Any CPU
		Release|Any CPU = Release|Any CPU
	EndGlobalSection
	GlobalSection(ProjectConfigurationPlatforms) = postSolution
		{93C50CCB-D02E-461C-B6CB-75D6CA09D778}.Debug|Any CPU.ActiveCfg = Debug|Any CPU
		{93C50CCB-D02E-461C-B6CB-75D6CA09D778}.Debug|Any CPU.Build.0 = Debug|Any CPU
		{93C50CCB-D02E-461C-B6CB-75D6CA09D778}.Release|Any CPU.ActiveCfg = Release|Any CPU
		{93C50CCB-D02E-461C-B6CB-75D6CA09D778}.Release|Any CPU.Build.0 = Release|Any CPU
	EndGlobalSection
	GlobalSection(SolutionProperties) = preSolution
		HideSolutionNode = FALSE
	EndGlobalSection
	GlobalSection(ExtensibilityGlobals) = postSolution
		SolutionGuid = {2E48942F-1A48-4308-AD28-0785DB341275}
	EndGlobalSection
EndGlobal
